
Microsoft Visual Studio Solution File, Format Version 12.00
# Visual Studio Version 17
VisualStudioVersion = 17.3.32819.101
MinimumVisualStudioVersion = 10.0.40219.1
Project("{888888A0-9F3D-457C-B088-3A5042F75D52}") = "kap 1-3 uppgift 2", "kap 1-3 uppgift 2\kap 1-3 uppgift 2.pyproj", "{EE2A2E56-865A-4818-A0DD-F46DB9AA2394}"
EndProject
Global
	GlobalSection(SolutionConfigurationPlatforms) = preSolution
		Debug|Any CPU = Debug|Any CPU
		Release|Any CPU = Release|Any CPU
	EndGlobalSection
	GlobalSection(ProjectConfigurationPlatforms) = postSolution
		{EE2A2E56-865A-4818-A0DD-F46DB9AA2394}.Debug|Any CPU.ActiveCfg = Debug|Any CPU
		{EE2A2E56-865A-4818-A0DD-F46DB9AA2394}.Release|Any CPU.ActiveCfg = Release|Any CPU
	EndGlobalSection
	GlobalSection(SolutionProperties) = preSolution
		HideSolutionNode = FALSE
	EndGlobalSection
	GlobalSection(ExtensibilityGlobals) = postSolution
		SolutionGuid = {83ADB96F-0786-482E-9BC5-03AC7F6BC12F}
	EndGlobalSection
EndGlobal
